// !$*UTF8*$!
{
	archiveVersion = 1;
	classes = {
	};
	objectVersion = 50;
	objects = {

/* Begin PBXBuildFile section */
		0815077920F486B70061ED0E /* AppDelegate.swift in Sources */ = {isa = PBXBuildFile; fileRef = 0815077820F486B70061ED0E /* AppDelegate.swift */; };
		0815077B20F486B70061ED0E /* ViewController.swift in Sources */ = {isa = PBXBuildFile; fileRef = 0815077A20F486B70061ED0E /* ViewController.swift */; };
		0815077E20F486B70061ED0E /* Main.storyboard in Resources */ = {isa = PBXBuildFile; fileRef = 0815077C20F486B70061ED0E /* Main.storyboard */; };
		0815078020F486BB0061ED0E /* Assets.xcassets in Resources */ = {isa = PBXBuildFile; fileRef = 0815077F20F486BB0061ED0E /* Assets.xcassets */; };
		0815078320F486BB0061ED0E /* LaunchScreen.storyboard in Resources */ = {isa = PBXBuildFile; fileRef = 0815078120F486BB0061ED0E /* LaunchScreen.storyboard */; };
		0815079120F5E9690061ED0E /* ElasticViewExtension.swift in Sources */ = {isa = PBXBuildFile; fileRef = 0815079020F5E9690061ED0E /* ElasticViewExtension.swift */; };
		0815079320F5EA6F0061ED0E /* UIDeviceExtension.swift in Sources */ = {isa = PBXBuildFile; fileRef = 0815079220F5EA6F0061ED0E /* UIDeviceExtension.swift */; };
		0815079520F5ED8E0061ED0E /* UIButtonExtension.swift in Sources */ = {isa = PBXBuildFile; fileRef = 0815079420F5ED8E0061ED0E /* UIButtonExtension.swift */; };
/* End PBXBuildFile section */

/* Begin PBXFileReference section */
		0815077520F486B70061ED0E /* 弹性动画.app */ = {isa = PBXFileReference; explicitFileType = wrapper.application; includeInIndex = 0; path = "弹性动画.app"; sourceTree = BUILT_PRODUCTS_DIR; };
		0815077820F486B70061ED0E /* AppDelegate.swift */ = {isa = PBXFileReference; lastKnownFileType = sourcecode.swift; path = AppDelegate.swift; sourceTree = "<group>"; };
		0815077A20F486B70061ED0E /* ViewController.swift */ = {isa = PBXFileReference; lastKnownFileType = sourcecode.swift; path = ViewController.swift; sourceTree = "<group>"; };
		0815077D20F486B70061ED0E /* Base */ = {isa = PBXFileReference; lastKnownFileType = file.storyboard; name = Base; path = Base.lproj/Main.storyboard; sourceTree = "<group>"; };
		0815077F20F486BB0061ED0E /* Assets.xcassets */ = {isa = PBXFileReference; lastKnownFileType = folder.assetcatalog; path = Assets.xcassets; sourceTree = "<group>"; };
		0815078220F486BB0061ED0E /* Base */ = {isa = PBXFileReference; lastKnownFileType = file.storyboard; name = Base; path = Base.lproj/LaunchScreen.storyboard; sourceTree = "<group>"; };
		0815078420F486BB0061ED0E /* Info.plist */ = {isa = PBXFileReference; lastKnownFileType = text.plist.xml; path = Info.plist; sourceTree = "<group>"; };
		0815079020F5E9690061ED0E /* ElasticViewExtension.swift */ = {isa = PBXFileReference; lastKnownFileType = sourcecode.swift; path = ElasticViewExtension.swift; sourceTree = "<group>"; };
		0815079220F5EA6F0061ED0E /* UIDeviceExtension.swift */ = {isa = PBXFileReference; lastKnownFileType = sourcecode.swift; path = UIDeviceExtension.swift; sourceTree = "<group>"; };
		0815079420F5ED8E0061ED0E /* UIButtonExtension.swift */ = {isa = PBXFileReference; lastKnownFileType = sourcecode.swift; path = UIButtonExtension.swift; sourceTree = "<group>"; };
/* End PBXFileReference section */

/* Begin PBXFrameworksBuildPhase section */
		0815077220F486B70061ED0E /* Frameworks */ = {
			isa = PBXFrameworksBuildPhase;
			buildActionMask = 2147483647;
			files = (
			);
			runOnlyForDeploymentPostprocessing = 0;
		};
/* End PBXFrameworksBuildPhase section */

/* Begin PBXGroup section */
		0815076C20F486B70061ED0E = {
			isa = PBXGroup;
			children = (
				0815077720F486B70061ED0E /* 弹性动画 */,
				0815077620F486B70061ED0E /* Products */,
			);
			sourceTree = "<group>";
		};
		0815077620F486B70061ED0E /* Products */ = {
			isa = PBXGroup;
			children = (
				0815077520F486B70061ED0E /* 弹性动画.app */,
			);
			name = Products;
			sourceTree = "<group>";
		};
		0815077720F486B70061ED0E /* 弹性动画 */ = {
			isa = PBXGroup;
			children = (
				0815078A20F488240061ED0E /* ElasticView */,
				0815077820F486B70061ED0E /* AppDelegate.swift */,
				0815077A20F486B70061ED0E /* ViewController.swift */,
				0815077C20F486B70061ED0E /* Main.storyboard */,
				0815077F20F486BB0061ED0E /* Assets.xcassets */,
				0815078120F486BB0061ED0E /* LaunchScreen.storyboard */,
				0815078420F486BB0061ED0E /* Info.plist */,
			);
			path = "弹性动画";
			sourceTree = "<group>";
		};
		0815078A20F488240061ED0E /* ElasticView */ = {
			isa = PBXGroup;
			children = (
				0815079020F5E9690061ED0E /* ElasticViewExtension.swift */,
				0815079220F5EA6F0061ED0E /* UIDeviceExtension.swift */,
				0815079420F5ED8E0061ED0E /* UIButtonExtension.swift */,
			);
			path = ElasticView;
			sourceTree = "<group>";
		};
/* End PBXGroup section */

/* Begin PBXNativeTarget section */
		0815077420F486B70061ED0E /* 弹性动画 */ = {
			isa = PBXNativeTarget;
			buildConfigurationList = 0815078720F486BB0061ED0E /* Build configuration list for PBXNativeTarget "弹性动画" */;
			buildPhases = (
				0815077120F486B70061ED0E /* Sources */,
				0815077220F486B70061ED0E /* Frameworks */,
				0815077320F486B70061ED0E /* Resources */,
			);
			buildRules = (
			);
			dependencies = (
			);
			name = "弹性动画";
			productName = "弹性动画";
			productReference = 0815077520F486B70061ED0E /* 弹性动画.app */;
			productType = "com.apple.product-type.application";
		};
/* End PBXNativeTarget section */

/* Begin PBXProject section */
		0815076D20F486B70061ED0E /* Project object */ = {
			isa = PBXProject;
			attributes = {
				LastSwiftUpdateCheck = 0940;
				LastUpgradeCheck = 0940;
				ORGANIZATIONNAME = "最怕追求不凡,最后依然碌碌无为 - Crazy_Lin";
				TargetAttributes = {
					0815077420F486B70061ED0E = {
						CreatedOnToolsVersion = 9.4.1;
					};
				};
			};
			buildConfigurationList = 0815077020F486B70061ED0E /* Build configuration list for PBXProject "弹性动画" */;
			compatibilityVersion = "Xcode 9.3";
			developmentRegion = en;
			hasScannedForEncodings = 0;
			knownRegions = (
				en,
				Base,
			);
			mainGroup = 0815076C20F486B70061ED0E;
			productRefGroup = 0815077620F486B70061ED0E /* Products */;
			projectDirPath = "";
			projectRoot = "";
			targets = (
				0815077420F486B70061ED0E /* 弹性动画 */,
			);
		};
/* End PBXProject section */

/* Begin PBXResourcesBuildPhase section */
		0815077320F486B70061ED0E /* Resources */ = {
			isa = PBXResourcesBuildPhase;
			buildActionMask = 2147483647;
			files = (
				0815078320F486BB0061ED0E /* LaunchScreen.storyboard in Resources */,
				0815078020F486BB0061ED0E /* Assets.xcassets in Resources */,
				0815077E20F486B70061ED0E /* Main.storyboard in Resources */,
			);
			runOnlyForDeploymentPostprocessing = 0;
		};
/* End PBXResourcesBuildPhase section */

/* Begin PBXSourcesBuildPhase section */
		0815077120F486B70061ED0E /* Sources */ = {
			isa = PBXSourcesBuildPhase;
			buildActionMask = 2147483647;
			files = (
				0815079120F5E9690061ED0E /* ElasticViewExtension.swift in Sources */,
				0815079520F5ED8E0061ED0E /* UIButtonExtension.swift in Sources */,
				0815079320F5EA6F0061ED0E /* UIDeviceExtension.swift in Sources */,
				0815077B20F486B70061ED0E /* ViewController.swift in Sources */,
				0815077920F486B70061ED0E /* AppDelegate.swift in Sources */,
			);
			runOnlyForDeploymentPostprocessing = 0;
		};
/* End PBXSourcesBuildPhase section */

/* Begin PBXVariantGroup section */
		0815077C20F486B70061ED0E /* Main.storyboard */ = {
			isa = PBXVariantGroup;
			children = (
				0815077D20F486B70061ED0E /* Base */,
			);
			name = Main.storyboard;
			sourceTree = "<group>";
		};
		0815078120F486BB0061ED0E /* LaunchScreen.storyboard */ = {
			isa = PBXVariantGroup;
			children = (
				0815078220F486BB0061ED0E /* Base */,
			);
			name = LaunchScreen.storyboard;
			sourceTree = "<group>";
		};
/* End PBXVariantGroup section */

/* Begin XCBuildConfiguration section */
		0815078520F486BB0061ED0E /* Debug */ = {
			isa = XCBuildConfiguration;
			buildSettings = {
				ALWAYS_SEARCH_USER_PATHS = NO;
				CLANG_ANALYZER_NONNULL = YES;
				CLANG_ANALYZER_NUMBER_OBJECT_CONVERSION = YES_AGGRESSIVE;
				CLANG_CXX_LANGUAGE_STANDARD = "gnu++14";
				CLANG_CXX_LIBRARY = "libc++";
				CLANG_ENABLE_MODULES = YES;
				CLANG_ENABLE_OBJC_ARC = YES;
				CLANG_ENABLE_OBJC_WEAK = YES;
				CLANG_WARN_BLOCK_CAPTURE_AUTORELEASING = YES;
				CLANG_WARN_BOOL_CONVERSION = YES;
				CLANG_WARN_COMMA = YES;
				CLANG_WARN_CONSTANT_CONVERSION = YES;
				CLANG_WARN_DEPRECATED_OBJC_IMPLEMENTATIONS = YES;
				CLANG_WARN_DIRECT_OBJC_ISA_USAGE = YES_ERROR;
				CLANG_WARN_DOCUMENTATION_COMMENTS = YES;
				CLANG_WARN_EMPTY_BODY = YES;
				CLANG_WARN_ENUM_CONVERSION = YES;
				CLANG_WARN_INFINITE_RECURSION = YES;
				CLANG_WARN_INT_CONVERSION = YES;
				CLANG_WARN_NON_LITERAL_NULL_CONVERSION = YES;
				CLANG_WARN_OBJC_IMPLICIT_RETAIN_SELF = YES;
				CLANG_WARN_OBJC_LITERAL_CONVERSION = YES;
				CLANG_WARN_OBJC_ROOT_CLASS = YES_ERROR;
				CLANG_WARN_RANGE_LOOP_ANALYSIS = YES;
				CLANG_WARN_STRICT_PROTOTYPES = YES;
				CLANG_WARN_SUSPICIOUS_MOVE = YES;
				CLANG_WARN_UNGUARDED_AVAILABILITY = YES_AGGRESSIVE;
				CLANG_WARN_UNREACHABLE_CODE = YES;
				CLANG_WARN__DUPLICATE_METHOD_MATCH = YES;
				CODE_SIGN_IDENTITY = "iPhone Developer";
				COPY_PHASE_STRIP = NO;
				DEBUG_INFORMATION_FORMAT = dwarf;
				ENABLE_STRICT_OBJC_MSGSEND = YES;
				ENABLE_TESTABILITY = YES;
				GCC_C_LANGUAGE_STANDARD = gnu11;
				GCC_DYNAMIC_NO_PIC = NO;
				GCC_NO_COMMON_BLOCKS = YES;
				GCC_OPTIMIZATION_LEVEL = 0;
				GCC_PREPROCESSOR_DEFINITIONS = (
					"DEBUG=1",
					"$(inherited)",
				);
				GCC_WARN_64_TO_32_BIT_CONVERSION = YES;
				GCC_WARN_ABOUT_RETURN_TYPE = YES_ERROR;
				GCC_WARN_UNDECLARED_SELECTOR = YES;
				GCC_WARN_UNINITIALIZED_AUTOS = YES_AGGRESSIVE;
				GCC_WARN_UNUSED_FUNCTION = YES;
				GCC_WARN_UNUSED_VARIABLE = YES;
				IPHONEOS_DEPLOYMENT_TARGET = 11.4;
				MTL_ENABLE_DEBUG_INFO = YES;
				ONLY_ACTIVE_ARCH = YES;
				SDKROOT = iphoneos;
				SWIFT_ACTIVE_COMPILATION_CONDITIONS = DEBUG;
				SWIFT_OPTIMIZATION_LEVEL = "-Onone";
			};
			name = Debug;
		};
		0815078620F486BB0061ED0E /* Release */ = {
			isa = XCBuildConfiguration;
			buildSettings = {
				ALWAYS_SEARCH_USER_PATHS = NO;
				CLANG_ANALYZER_NONNULL = YES;
				CLANG_ANALYZER_NUMBER_OBJECT_CONVERSION = YES_AGGRESSIVE;
				CLANG_CXX_LANGUAGE_STANDARD = "gnu++14";
				CLANG_CXX_LIBRARY = "libc++";
				CLANG_ENABLE_MODULES = YES;
				CLANG_ENABLE_OBJC_ARC = YES;
				CLANG_ENABLE_OBJC_WEAK = YES;
				CLANG_WARN_BLOCK_CAPTURE_AUTORELEASING = YES;
				CLANG_WARN_BOOL_CONVERSION = YES;
				CLANG_WARN_COMMA = YES;
				CLANG_WARN_CONSTANT_CONVERSION = YES;
				CLANG_WARN_DEPRECATED_OBJC_IMPLEMENTATIONS = YES;
				CLANG_WARN_DIRECT_OBJC_ISA_USAGE = YES_ERROR;
				CLANG_WARN_DOCUMENTATION_COMMENTS = YES;
				CLANG_WARN_EMPTY_BODY = YES;
				CLANG_WARN_ENUM_CONVERSION = YES;
				CLANG_WARN_INFINITE_RECURSION = YES;
				CLANG_WARN_INT_CONVERSION = YES;
				CLANG_WARN_NON_LITERAL_NULL_CONVERSION = YES;
				CLANG_WARN_OBJC_IMPLICIT_RETAIN_SELF = YES;
				CLANG_WARN_OBJC_LITERAL_CONVERSION = YES;
				CLANG_WARN_OBJC_ROOT_CLASS = YES_ERROR;
				CLANG_WARN_RANGE_LOOP_ANALYSIS = YES;
				CLANG_WARN_STRICT_PROTOTYPES = YES;
				CLANG_WARN_SUSPICIOUS_MOVE = YES;
				CLANG_WARN_UNGUARDED_AVAILABILITY = YES_AGGRESSIVE;
				CLANG_WARN_UNREACHABLE_CODE = YES;
				CLANG_WARN__DUPLICATE_METHOD_MATCH = YES;
				CODE_SIGN_IDENTITY = "iPhone Developer";
				COPY_PHASE_STRIP = NO;
				DEBUG_INFORMATION_FORMAT = "dwarf-with-dsym";
				ENABLE_NS_ASSERTIONS = NO;
				ENABLE_STRICT_OBJC_MSGSEND = YES;
				GCC_C_LANGUAGE_STANDARD = gnu11;
				GCC_NO_COMMON_BLOCKS = YES;
				GCC_WARN_64_TO_32_BIT_CONVERSION = YES;
				GCC_WARN_ABOUT_RETURN_TYPE = YES_ERROR;
				GCC_WARN_UNDECLARED_SELECTOR = YES;
				GCC_WARN_UNINITIALIZED_AUTOS = YES_AGGRESSIVE;
				GCC_WARN_UNUSED_FUNCTION = YES;
				GCC_WARN_UNUSED_VARIABLE = YES;
				IPHONEOS_DEPLOYMENT_TARGET = 11.4;
				MTL_ENABLE_DEBUG_INFO = NO;
				SDKROOT = iphoneos;
				SWIFT_COMPILATION_MODE = wholemodule;
				SWIFT_OPTIMIZATION_LEVEL = "-O";
				VALIDATE_PRODUCT = YES;
			};
			name = Release;
		};
		0815078820F486BB0061ED0E /* Debug */ = {
			isa = XCBuildConfiguration;
			buildSettings = {
				ASSETCATALOG_COMPILER_APPICON_NAME = AppIcon;
				CODE_SIGN_STYLE = Automatic;
				DEVELOPMENT_TEAM = TG8C9T44B5;
				INFOPLIST_FILE = "弹性动画/Info.plist";
				IPHONEOS_DEPLOYMENT_TARGET = 10.0;
				LD_RUNPATH_SEARCH_PATHS = (
					"$(inherited)",
					"@executable_path/Frameworks",
				);
				PRODUCT_BUNDLE_IDENTIFIER = "com.Crazy-Lin.----";
				PRODUCT_NAME = "$(TARGET_NAME)";
				SWIFT_VERSION = 4.0;
				TARGETED_DEVICE_FAMILY = "1,2";
			};
			name = Debug;
		};
		0815078920F486BB0061ED0E /* Release */ = {
			isa = XCBuildConfiguration;
			buildSettings = {
				ASSETCATALOG_COMPILER_APPICON_NAME = AppIcon;
				CODE_SIGN_STYLE = Automatic;
				DEVELOPMENT_TEAM = TG8C9T44B5;
				INFOPLIST_FILE = "弹性动画/Info.plist";
				IPHONEOS_DEPLOYMENT_TARGET = 10.0;
				LD_RUNPATH_SEARCH_PATHS = (
					"$(inherited)",
					"@executable_path/Frameworks",
				);
				PRODUCT_BUNDLE_IDENTIFIER = "com.Crazy-Lin.----";
				PRODUCT_NAME = "$(TARGET_NAME)";
				SWIFT_VERSION = 4.0;
				TARGETED_DEVICE_FAMILY = "1,2";
			};
			name = Release;
		};
/* End XCBuildConfiguration section */

/* Begin XCConfigurationList section */
		0815077020F486B70061ED0E /* Build configuration list for PBXProject "弹性动画" */ = {
			isa = XCConfigurationList;
			buildConfigurations = (
				0815078520F486BB0061ED0E /* Debug */,
				0815078620F486BB0061ED0E /* Release */,
			);
			defaultConfigurationIsVisible = 0;
			defaultConfigurationName = Release;
		};
		0815078720F486BB0061ED0E /* Build configuration list for PBXNativeTarget "弹性动画" */ = {
			isa = XCConfigurationList;
			buildConfigurations = (
				0815078820F486BB0061ED0E /* Debug */,
				0815078920F486BB0061ED0E /* Release */,
			);
			defaultConfigurationIsVisible = 0;
			defaultConfigurationName = Release;
		};
/* End XCConfigurationList section */
	};
	rootObject = 0815076D20F486B70061ED0E /* Project object */;
}
